
Microsoft Visual Studio Solution File, Format Version 12.00
# Visual Studio 15
VisualStudioVersion = 15.0.26730.10
MinimumVisualStudioVersion = 10.0.40219.1
Project("{8BC9CEB8-8B4A-11D0-8D11-00A0C91BC942}") = "6주차 실습", "6주차 실습\6주차 실습.vcxproj", "{B6929868-1A92-48D2-B465-5CB87084ADFC}"
EndProject
Global
	GlobalSection(SolutionConfigurationPlatforms) = preSolution
		Debug|x64 = Debug|x64
		Debug|x86 = Debug|x86
		Release|x64 = Release|x64
		Release|x86 = Release|x86
	EndGlobalSection
	GlobalSection(ProjectConfigurationPlatforms) = postSolution
		{B6929868-1A92-48D2-B465-5CB87084ADFC}.Debug|x64.ActiveCfg = Debug|x64
		{B6929868-1A92-48D2-B465-5CB87084ADFC}.Debug|x64.Build.0 = Debug|x64
		{B6929868-1A92-48D2-B465-5CB87084ADFC}.Debug|x86.ActiveCfg = Debug|Win32
		{B6929868-1A92-48D2-B465-5CB87084ADFC}.Debug|x86.Build.0 = Debug|Win32
		{B6929868-1A92-48D2-B465-5CB87084ADFC}.Release|x64.ActiveCfg = Release|x64
		{B6929868-1A92-48D2-B465-5CB87084ADFC}.Release|x64.Build.0 = Release|x64
		{B6929868-1A92-48D2-B465-5CB87084ADFC}.Release|x86.ActiveCfg = Release|Win32
		{B6929868-1A92-48D2-B465-5CB87084ADFC}.Release|x86.Build.0 = Release|Win32
	EndGlobalSection
	GlobalSection(SolutionProperties) = preSolution
		HideSolutionNode = FALSE
	EndGlobalSection
	GlobalSection(ExtensibilityGlobals) = postSolution
		SolutionGuid = {676E306B-B68D-4669-8704-7114C81E06EA}
	EndGlobalSection
EndGlobal
