
Microsoft Visual Studio Solution File, Format Version 12.00
# Visual Studio 15
VisualStudioVersion = 15.0.26730.10
MinimumVisualStudioVersion = 10.0.40219.1
Project("{8BC9CEB8-8B4A-11D0-8D11-00A0C91BC942}") = "10주차 실습", "10주차 실습\10주차 실습.vcxproj", "{A66B1A7E-4B4C-4744-97F7-A9DDD22DD81E}"
EndProject
Global
	GlobalSection(SolutionConfigurationPlatforms) = preSolution
		Debug|x64 = Debug|x64
		Debug|x86 = Debug|x86
		Release|x64 = Release|x64
		Release|x86 = Release|x86
	EndGlobalSection
	GlobalSection(ProjectConfigurationPlatforms) = postSolution
		{A66B1A7E-4B4C-4744-97F7-A9DDD22DD81E}.Debug|x64.ActiveCfg = Debug|x64
		{A66B1A7E-4B4C-4744-97F7-A9DDD22DD81E}.Debug|x64.Build.0 = Debug|x64
		{A66B1A7E-4B4C-4744-97F7-A9DDD22DD81E}.Debug|x86.ActiveCfg = Debug|Win32
		{A66B1A7E-4B4C-4744-97F7-A9DDD22DD81E}.Debug|x86.Build.0 = Debug|Win32
		{A66B1A7E-4B4C-4744-97F7-A9DDD22DD81E}.Release|x64.ActiveCfg = Release|x64
		{A66B1A7E-4B4C-4744-97F7-A9DDD22DD81E}.Release|x64.Build.0 = Release|x64
		{A66B1A7E-4B4C-4744-97F7-A9DDD22DD81E}.Release|x86.ActiveCfg = Release|Win32
		{A66B1A7E-4B4C-4744-97F7-A9DDD22DD81E}.Release|x86.Build.0 = Release|Win32
	EndGlobalSection
	GlobalSection(SolutionProperties) = preSolution
		HideSolutionNode = FALSE
	EndGlobalSection
	GlobalSection(ExtensibilityGlobals) = postSolution
		SolutionGuid = {F545361C-2C71-4DC9-9261-DD9577103B50}
	EndGlobalSection
EndGlobal
